# This file is automatically @generated by Cargo.
# It is not intended for manual editing.
version = 3

[[package]]
name = "fastcdc"
version = "3.1.0"
source = "registry+https://github.com/rust-lang/crates.io-index"
checksum = "a71061d097bfa9a5a4d2efdec57990d9a88745020b365191d37e48541a1628f2"

[[package]]
name = "fastcdc-rs-ffi"
version = "0.1.0"
dependencies = [
 "fastcdc",
]
